// !$*UTF8*$!
{
	archiveVersion = 1;
	classes = {
	};
	objectVersion = 56;
	objects = {

/* Begin PBXBuildFile section */
		3C0B42062A21556D00C31DFC /* MemeCreatorApp.swift in Sources */ = {isa = PBXBuildFile; fileRef = 3C0B42052A21556D00C31DFC /* MemeCreatorApp.swift */; };
		3C0B42082A21556D00C31DFC /* MemeCreator.swift in Sources */ = {isa = PBXBuildFile; fileRef = 3C0B42072A21556D00C31DFC /* MemeCreator.swift */; };
		3C0B420A2A21556F00C31DFC /* Assets.xcassets in Resources */ = {isa = PBXBuildFile; fileRef = 3C0B42092A21556F00C31DFC /* Assets.xcassets */; };
		3C0B420D2A21556F00C31DFC /* Preview Assets.xcassets in Resources */ = {isa = PBXBuildFile; fileRef = 3C0B420C2A21556F00C31DFC /* Preview Assets.xcassets */; };
		3C0B42142A2155AE00C31DFC /* PandaCollectionFetcher.swift in Sources */ = {isa = PBXBuildFile; fileRef = 3C0B42132A2155AE00C31DFC /* PandaCollectionFetcher.swift */; };
		3C0B42162A215DB500C31DFC /* Panda.swift in Sources */ = {isa = PBXBuildFile; fileRef = 3C0B42152A215DB500C31DFC /* Panda.swift */; };
		3C0B42182A21639C00C31DFC /* LoadableImage.swift in Sources */ = {isa = PBXBuildFile; fileRef = 3C0B42172A21639C00C31DFC /* LoadableImage.swift */; };
/* End PBXBuildFile section */

/* Begin PBXFileReference section */
		3C0B42022A21556D00C31DFC /* MemeCreator.app */ = {isa = PBXFileReference; explicitFileType = wrapper.application; includeInIndex = 0; path = MemeCreator.app; sourceTree = BUILT_PRODUCTS_DIR; };
		3C0B42052A21556D00C31DFC /* MemeCreatorApp.swift */ = {isa = PBXFileReference; lastKnownFileType = sourcecode.swift; path = MemeCreatorApp.swift; sourceTree = "<group>"; };
		3C0B42072A21556D00C31DFC /* MemeCreator.swift */ = {isa = PBXFileReference; lastKnownFileType = sourcecode.swift; path = MemeCreator.swift; sourceTree = "<group>"; };
		3C0B42092A21556F00C31DFC /* Assets.xcassets */ = {isa = PBXFileReference; lastKnownFileType = folder.assetcatalog; path = Assets.xcassets; sourceTree = "<group>"; };
		3C0B420C2A21556F00C31DFC /* Preview Assets.xcassets */ = {isa = PBXFileReference; lastKnownFileType = folder.assetcatalog; path = "Preview Assets.xcassets"; sourceTree = "<group>"; };
		3C0B42132A2155AE00C31DFC /* PandaCollectionFetcher.swift */ = {isa = PBXFileReference; lastKnownFileType = sourcecode.swift; path = PandaCollectionFetcher.swift; sourceTree = "<group>"; };
		3C0B42152A215DB500C31DFC /* Panda.swift */ = {isa = PBXFileReference; lastKnownFileType = sourcecode.swift; path = Panda.swift; sourceTree = "<group>"; };
		3C0B42172A21639C00C31DFC /* LoadableImage.swift */ = {isa = PBXFileReference; lastKnownFileType = sourcecode.swift; path = LoadableImage.swift; sourceTree = "<group>"; };
/* End PBXFileReference section */

/* Begin PBXFrameworksBuildPhase section */
		3C0B41FF2A21556D00C31DFC /* Frameworks */ = {
			isa = PBXFrameworksBuildPhase;
			buildActionMask = 2147483647;
			files = (
			);
			runOnlyForDeploymentPostprocessing = 0;
		};
/* End PBXFrameworksBuildPhase section */

/* Begin PBXGroup section */
		3C0B41F92A21556D00C31DFC = {
			isa = PBXGroup;
			children = (
				3C0B42042A21556D00C31DFC /* MemeCreator */,
				3C0B42032A21556D00C31DFC /* Products */,
			);
			sourceTree = "<group>";
		};
		3C0B42032A21556D00C31DFC /* Products */ = {
			isa = PBXGroup;
			children = (
				3C0B42022A21556D00C31DFC /* MemeCreator.app */,
			);
			name = Products;
			sourceTree = "<group>";
		};
		3C0B42042A21556D00C31DFC /* MemeCreator */ = {
			isa = PBXGroup;
			children = (
				3C0B42052A21556D00C31DFC /* MemeCreatorApp.swift */,
				3C0B42072A21556D00C31DFC /* MemeCreator.swift */,
				3C0B42132A2155AE00C31DFC /* PandaCollectionFetcher.swift */,
				3C0B42152A215DB500C31DFC /* Panda.swift */,
				3C0B42172A21639C00C31DFC /* LoadableImage.swift */,
				3C0B42092A21556F00C31DFC /* Assets.xcassets */,
				3C0B420B2A21556F00C31DFC /* Preview Content */,
			);
			path = MemeCreator;
			sourceTree = "<group>";
		};
		3C0B420B2A21556F00C31DFC /* Preview Content */ = {
			isa = PBXGroup;
			children = (
				3C0B420C2A21556F00C31DFC /* Preview Assets.xcassets */,
			);
			path = "Preview Content";
			sourceTree = "<group>";
		};
/* End PBXGroup section */

/* Begin PBXNativeTarget section */
		3C0B42012A21556D00C31DFC /* MemeCreator */ = {
			isa = PBXNativeTarget;
			buildConfigurationList = 3C0B42102A21556F00C31DFC /* Build configuration list for PBXNativeTarget "MemeCreator" */;
			buildPhases = (
				3C0B41FE2A21556D00C31DFC /* Sources */,
				3C0B41FF2A21556D00C31DFC /* Frameworks */,
				3C0B42002A21556D00C31DFC /* Resources */,
			);
			buildRules = (
			);
			dependencies = (
			);
			name = MemeCreator;
			productName = MemeCreator;
			productReference = 3C0B42022A21556D00C31DFC /* MemeCreator.app */;
			productType = "com.apple.product-type.application";
		};
/* End PBXNativeTarget section */

/* Begin PBXProject section */
		3C0B41FA2A21556D00C31DFC /* Project object */ = {
			isa = PBXProject;
			attributes = {
				BuildIndependentTargetsInParallel = 1;
				LastSwiftUpdateCheck = 1430;
				LastUpgradeCheck = 1430;
				TargetAttributes = {
					3C0B42012A21556D00C31DFC = {
						CreatedOnToolsVersion = 14.3;
					};
				};
			};
			buildConfigurationList = 3C0B41FD2A21556D00C31DFC /* Build configuration list for PBXProject "MemeCreator" */;
			compatibilityVersion = "Xcode 14.0";
			developmentRegion = en;
			hasScannedForEncodings = 0;
			knownRegions = (
				en,
				Base,
			);
			mainGroup = 3C0B41F92A21556D00C31DFC;
			productRefGroup = 3C0B42032A21556D00C31DFC /* Products */;
			projectDirPath = "";
			projectRoot = "";
			targets = (
				3C0B42012A21556D00C31DFC /* MemeCreator */,
			);
		};
/* End PBXProject section */

/* Begin PBXResourcesBuildPhase section */
		3C0B42002A21556D00C31DFC /* Resources */ = {
			isa = PBXResourcesBuildPhase;
			buildActionMask = 2147483647;
			files = (
				3C0B420D2A21556F00C31DFC /* Preview Assets.xcassets in Resources */,
				3C0B420A2A21556F00C31DFC /* Assets.xcassets in Resources */,
			);
			runOnlyForDeploymentPostprocessing = 0;
		};
/* End PBXResourcesBuildPhase section */

/* Begin PBXSourcesBuildPhase section */
		3C0B41FE2A21556D00C31DFC /* Sources */ = {
			isa = PBXSourcesBuildPhase;
			buildActionMask = 2147483647;
			files = (
				3C0B42082A21556D00C31DFC /* MemeCreator.swift in Sources */,
				3C0B42062A21556D00C31DFC /* MemeCreatorApp.swift in Sources */,
				3C0B42162A215DB500C31DFC /* Panda.swift in Sources */,
				3C0B42142A2155AE00C31DFC /* PandaCollectionFetcher.swift in Sources */,
				3C0B42182A21639C00C31DFC /* LoadableImage.swift in Sources */,
			);
			runOnlyForDeploymentPostprocessing = 0;
		};
/* End PBXSourcesBuildPhase section */

/* Begin XCBuildConfiguration section */
		3C0B420E2A21556F00C31DFC /* Debug */ = {
			isa = XCBuildConfiguration;
			buildSettings = {
				ALWAYS_SEARCH_USER_PATHS = NO;
				CLANG_ANALYZER_NONNULL = YES;
				CLANG_ANALYZER_NUMBER_OBJECT_CONVERSION = YES_AGGRESSIVE;
				CLANG_CXX_LANGUAGE_STANDARD = "gnu++20";
				CLANG_ENABLE_MODULES = YES;
				CLANG_ENABLE_OBJC_ARC = YES;
				CLANG_ENABLE_OBJC_WEAK = YES;
				CLANG_WARN_BLOCK_CAPTURE_AUTORELEASING = YES;
				CLANG_WARN_BOOL_CONVERSION = YES;
				CLANG_WARN_COMMA = YES;
				CLANG_WARN_CONSTANT_CONVERSION = YES;
				CLANG_WARN_DEPRECATED_OBJC_IMPLEMENTATIONS = YES;
				CLANG_WARN_DIRECT_OBJC_ISA_USAGE = YES_ERROR;
				CLANG_WARN_DOCUMENTATION_COMMENTS = YES;
				CLANG_WARN_EMPTY_BODY = YES;
				CLANG_WARN_ENUM_CONVERSION = YES;
				CLANG_WARN_INFINITE_RECURSION = YES;
				CLANG_WARN_INT_CONVERSION = YES;
				CLANG_WARN_NON_LITERAL_NULL_CONVERSION = YES;
				CLANG_WARN_OBJC_IMPLICIT_RETAIN_SELF = YES;
				CLANG_WARN_OBJC_LITERAL_CONVERSION = YES;
				CLANG_WARN_OBJC_ROOT_CLASS = YES_ERROR;
				CLANG_WARN_QUOTED_INCLUDE_IN_FRAMEWORK_HEADER = YES;
				CLANG_WARN_RANGE_LOOP_ANALYSIS = YES;
				CLANG_WARN_STRICT_PROTOTYPES = YES;
				CLANG_WARN_SUSPICIOUS_MOVE = YES;
				CLANG_WARN_UNGUARDED_AVAILABILITY = YES_AGGRESSIVE;
				CLANG_WARN_UNREACHABLE_CODE = YES;
				CLANG_WARN__DUPLICATE_METHOD_MATCH = YES;
				COPY_PHASE_STRIP = NO;
				DEBUG_INFORMATION_FORMAT = dwarf;
				ENABLE_STRICT_OBJC_MSGSEND = YES;
				ENABLE_TESTABILITY = YES;
				GCC_C_LANGUAGE_STANDARD = gnu11;
				GCC_DYNAMIC_NO_PIC = NO;
				GCC_NO_COMMON_BLOCKS = YES;
				GCC_OPTIMIZATION_LEVEL = 0;
				GCC_PREPROCESSOR_DEFINITIONS = (
					"DEBUG=1",
					"$(inherited)",
				);
				GCC_WARN_64_TO_32_BIT_CONVERSION = YES;
				GCC_WARN_ABOUT_RETURN_TYPE = YES_ERROR;
				GCC_WARN_UNDECLARED_SELECTOR = YES;
				GCC_WARN_UNINITIALIZED_AUTOS = YES_AGGRESSIVE;
				GCC_WARN_UNUSED_FUNCTION = YES;
				GCC_WARN_UNUSED_VARIABLE = YES;
				IPHONEOS_DEPLOYMENT_TARGET = 16.4;
				MTL_ENABLE_DEBUG_INFO = INCLUDE_SOURCE;
				MTL_FAST_MATH = YES;
				ONLY_ACTIVE_ARCH = YES;
				SDKROOT = iphoneos;
				SWIFT_ACTIVE_COMPILATION_CONDITIONS = DEBUG;
				SWIFT_OPTIMIZATION_LEVEL = "-Onone";
			};
			name = Debug;
		};
		3C0B420F2A21556F00C31DFC /* Release */ = {
			isa = XCBuildConfiguration;
			buildSettings = {
				ALWAYS_SEARCH_USER_PATHS = NO;
				CLANG_ANALYZER_NONNULL = YES;
				CLANG_ANALYZER_NUMBER_OBJECT_CONVERSION = YES_AGGRESSIVE;
				CLANG_CXX_LANGUAGE_STANDARD = "gnu++20";
				CLANG_ENABLE_MODULES = YES;
				CLANG_ENABLE_OBJC_ARC = YES;
				CLANG_ENABLE_OBJC_WEAK = YES;
				CLANG_WARN_BLOCK_CAPTURE_AUTORELEASING = YES;
				CLANG_WARN_BOOL_CONVERSION = YES;
				CLANG_WARN_COMMA = YES;
				CLANG_WARN_CONSTANT_CONVERSION = YES;
				CLANG_WARN_DEPRECATED_OBJC_IMPLEMENTATIONS = YES;
				CLANG_WARN_DIRECT_OBJC_ISA_USAGE = YES_ERROR;
				CLANG_WARN_DOCUMENTATION_COMMENTS = YES;
				CLANG_WARN_EMPTY_BODY = YES;
				CLANG_WARN_ENUM_CONVERSION = YES;
				CLANG_WARN_INFINITE_RECURSION = YES;
				CLANG_WARN_INT_CONVERSION = YES;
				CLANG_WARN_NON_LITERAL_NULL_CONVERSION = YES;
				CLANG_WARN_OBJC_IMPLICIT_RETAIN_SELF = YES;
				CLANG_WARN_OBJC_LITERAL_CONVERSION = YES;
				CLANG_WARN_OBJC_ROOT_CLASS = YES_ERROR;
				CLANG_WARN_QUOTED_INCLUDE_IN_FRAMEWORK_HEADER = YES;
				CLANG_WARN_RANGE_LOOP_ANALYSIS = YES;
				CLANG_WARN_STRICT_PROTOTYPES = YES;
				CLANG_WARN_SUSPICIOUS_MOVE = YES;
				CLANG_WARN_UNGUARDED_AVAILABILITY = YES_AGGRESSIVE;
				CLANG_WARN_UNREACHABLE_CODE = YES;
				CLANG_WARN__DUPLICATE_METHOD_MATCH = YES;
				COPY_PHASE_STRIP = NO;
				DEBUG_INFORMATION_FORMAT = "dwarf-with-dsym";
				ENABLE_NS_ASSERTIONS = NO;
				ENABLE_STRICT_OBJC_MSGSEND = YES;
				GCC_C_LANGUAGE_STANDARD = gnu11;
				GCC_NO_COMMON_BLOCKS = YES;
				GCC_WARN_64_TO_32_BIT_CONVERSION = YES;
				GCC_WARN_ABOUT_RETURN_TYPE = YES_ERROR;
				GCC_WARN_UNDECLARED_SELECTOR = YES;
				GCC_WARN_UNINITIALIZED_AUTOS = YES_AGGRESSIVE;
				GCC_WARN_UNUSED_FUNCTION = YES;
				GCC_WARN_UNUSED_VARIABLE = YES;
				IPHONEOS_DEPLOYMENT_TARGET = 16.4;
				MTL_ENABLE_DEBUG_INFO = NO;
				MTL_FAST_MATH = YES;
				SDKROOT = iphoneos;
				SWIFT_COMPILATION_MODE = wholemodule;
				SWIFT_OPTIMIZATION_LEVEL = "-O";
				VALIDATE_PRODUCT = YES;
			};
			name = Release;
		};
		3C0B42112A21556F00C31DFC /* Debug */ = {
			isa = XCBuildConfiguration;
			buildSettings = {
				ASSETCATALOG_COMPILER_APPICON_NAME = AppIcon;
				ASSETCATALOG_COMPILER_GLOBAL_ACCENT_COLOR_NAME = AccentColor;
				CODE_SIGN_STYLE = Automatic;
				CURRENT_PROJECT_VERSION = 1;
				DEVELOPMENT_ASSET_PATHS = "\"MemeCreator/Preview Content\"";
				DEVELOPMENT_TEAM = A5PP5569YS;
				ENABLE_PREVIEWS = YES;
				GENERATE_INFOPLIST_FILE = YES;
				INFOPLIST_KEY_UIApplicationSceneManifest_Generation = YES;
				INFOPLIST_KEY_UIApplicationSupportsIndirectInputEvents = YES;
				INFOPLIST_KEY_UILaunchScreen_Generation = YES;
				INFOPLIST_KEY_UISupportedInterfaceOrientations_iPad = "UIInterfaceOrientationPortrait UIInterfaceOrientationPortraitUpsideDown UIInterfaceOrientationLandscapeLeft UIInterfaceOrientationLandscapeRight";
				INFOPLIST_KEY_UISupportedInterfaceOrientations_iPhone = "UIInterfaceOrientationPortrait UIInterfaceOrientationLandscapeLeft UIInterfaceOrientationLandscapeRight";
				LD_RUNPATH_SEARCH_PATHS = (
					"$(inherited)",
					"@executable_path/Frameworks",
				);
				MARKETING_VERSION = 1.0;
				PRODUCT_BUNDLE_IDENTIFIER = dms5e.MemeCreator;
				PRODUCT_NAME = "$(TARGET_NAME)";
				SWIFT_EMIT_LOC_STRINGS = YES;
				SWIFT_VERSION = 5.0;
				TARGETED_DEVICE_FAMILY = "1,2";
			};
			name = Debug;
		};
		3C0B42122A21556F00C31DFC /* Release */ = {
			isa = XCBuildConfiguration;
			buildSettings = {
				ASSETCATALOG_COMPILER_APPICON_NAME = AppIcon;
				ASSETCATALOG_COMPILER_GLOBAL_ACCENT_COLOR_NAME = AccentColor;
				CODE_SIGN_STYLE = Automatic;
				CURRENT_PROJECT_VERSION = 1;
				DEVELOPMENT_ASSET_PATHS = "\"MemeCreator/Preview Content\"";
				DEVELOPMENT_TEAM = A5PP5569YS;
				ENABLE_PREVIEWS = YES;
				GENERATE_INFOPLIST_FILE = YES;
				INFOPLIST_KEY_UIApplicationSceneManifest_Generation = YES;
				INFOPLIST_KEY_UIApplicationSupportsIndirectInputEvents = YES;
				INFOPLIST_KEY_UILaunchScreen_Generation = YES;
				INFOPLIST_KEY_UISupportedInterfaceOrientations_iPad = "UIInterfaceOrientationPortrait UIInterfaceOrientationPortraitUpsideDown UIInterfaceOrientationLandscapeLeft UIInterfaceOrientationLandscapeRight";
				INFOPLIST_KEY_UISupportedInterfaceOrientations_iPhone = "UIInterfaceOrientationPortrait UIInterfaceOrientationLandscapeLeft UIInterfaceOrientationLandscapeRight";
				LD_RUNPATH_SEARCH_PATHS = (
					"$(inherited)",
					"@executable_path/Frameworks",
				);
				MARKETING_VERSION = 1.0;
				PRODUCT_BUNDLE_IDENTIFIER = dms5e.MemeCreator;
				PRODUCT_NAME = "$(TARGET_NAME)";
				SWIFT_EMIT_LOC_STRINGS = YES;
				SWIFT_VERSION = 5.0;
				TARGETED_DEVICE_FAMILY = "1,2";
			};
			name = Release;
		};
/* End XCBuildConfiguration section */

/* Begin XCConfigurationList section */
		3C0B41FD2A21556D00C31DFC /* Build configuration list for PBXProject "MemeCreator" */ = {
			isa = XCConfigurationList;
			buildConfigurations = (
				3C0B420E2A21556F00C31DFC /* Debug */,
				3C0B420F2A21556F00C31DFC /* Release */,
			);
			defaultConfigurationIsVisible = 0;
			defaultConfigurationName = Release;
		};
		3C0B42102A21556F00C31DFC /* Build configuration list for PBXNativeTarget "MemeCreator" */ = {
			isa = XCConfigurationList;
			buildConfigurations = (
				3C0B42112A21556F00C31DFC /* Debug */,
				3C0B42122A21556F00C31DFC /* Release */,
			);
			defaultConfigurationIsVisible = 0;
			defaultConfigurationName = Release;
		};
/* End XCConfigurationList section */
	};
	rootObject = 3C0B41FA2A21556D00C31DFC /* Project object */;
}
